
Microsoft Visual Studio Solution File, Format Version 12.00
# Visual Studio Version 17
VisualStudioVersion = 17.14.36025.13
MinimumVisualStudioVersion = 10.0.40219.1
Project("{8BC9CEB8-8B4A-11D0-8D11-00A0C91BC942}") = "foo_spider_monkey_panel", "foo_spider_monkey_panel.vcxproj", "{43DF6037-DBE4-4468-9A50-4311495F3C86}"
EndProject
Project("{8BC9CEB8-8B4A-11D0-8D11-00A0C91BC942}") = "fb2k_utils", "..\fb2k_utils\fb2k_utils.vcxproj", "{979A196B-7F80-47B2-8CDA-B16540891F67}"
EndProject
Project("{8BC9CEB8-8B4A-11D0-8D11-00A0C91BC942}") = "miniz", "..\miniz\miniz.vcxproj", "{1B0654F2-3FEC-43B8-8C0A-6206C64BD6B2}"
EndProject
Project("{8BC9CEB8-8B4A-11D0-8D11-00A0C91BC942}") = "Scintilla", "..\scintilla\win32\Scintilla.vcxproj", "{10B2A7EF-9089-4352-BA26-7E9AEF50987D}"
EndProject
Project("{8BC9CEB8-8B4A-11D0-8D11-00A0C91BC942}") = "Lexilla", "..\scintilla\lexilla\src\Lexilla.vcxproj", "{7CA4BBC9-83CA-42BE-84BB-8A98368FABAB}"
EndProject
Project("{8BC9CEB8-8B4A-11D0-8D11-00A0C91BC942}") = "foobar2000_component_client", "..\foobar2000-sdk\foobar2000\foobar2000_component_client\foobar2000_component_client.vcxproj", "{71AD2674-065B-48F5-B8B0-E1F9D3892081}"
EndProject
Project("{8BC9CEB8-8B4A-11D0-8D11-00A0C91BC942}") = "foobar2000_sdk_helpers", "..\foobar2000-sdk\foobar2000\helpers\foobar2000_sdk_helpers.vcxproj", "{EE47764E-A202-4F85-A767-ABDAB4AFF35F}"
EndProject
Project("{8BC9CEB8-8B4A-11D0-8D11-00A0C91BC942}") = "foobar2000_SDK", "..\foobar2000-sdk\foobar2000\SDK\foobar2000_SDK.vcxproj", "{E8091321-D79D-4575-86EF-064EA1A4A20D}"
EndProject
Project("{8BC9CEB8-8B4A-11D0-8D11-00A0C91BC942}") = "pfc", "..\foobar2000-sdk\pfc\pfc.vcxproj", "{EBFFFB4E-261D-44D3-B89C-957B31A0BF9C}"
EndProject
Project("{8BC9CEB8-8B4A-11D0-8D11-00A0C91BC942}") = "columns_ui_sdk", "..\foobar2000-sdk\columns_ui-sdk\columns_ui-sdk.vcxproj", "{93EC0EDE-01CD-4FB0-B8E8-4F2A027E026E}"
EndProject
Project("{8BC9CEB8-8B4A-11D0-8D11-00A0C91BC942}") = "libPPUI", "..\foobar2000-sdk\libPPUI\libPPUI.vcxproj", "{7729EB82-4069-4414-964B-AD399091A03F}"
EndProject
Global
	GlobalSection(SolutionConfigurationPlatforms) = preSolution
		Release|Win32 = Release|Win32
	EndGlobalSection
	GlobalSection(ProjectConfigurationPlatforms) = postSolution
		{43DF6037-DBE4-4468-9A50-4311495F3C86}.Release|Win32.ActiveCfg = Release|Win32
		{43DF6037-DBE4-4468-9A50-4311495F3C86}.Release|Win32.Build.0 = Release|Win32
		{979A196B-7F80-47B2-8CDA-B16540891F67}.Release|Win32.ActiveCfg = Release|Win32
		{979A196B-7F80-47B2-8CDA-B16540891F67}.Release|Win32.Build.0 = Release|Win32
		{1B0654F2-3FEC-43B8-8C0A-6206C64BD6B2}.Release|Win32.ActiveCfg = Release|Win32
		{1B0654F2-3FEC-43B8-8C0A-6206C64BD6B2}.Release|Win32.Build.0 = Release|Win32
		{10B2A7EF-9089-4352-BA26-7E9AEF50987D}.Release|Win32.ActiveCfg = Release|Win32
		{10B2A7EF-9089-4352-BA26-7E9AEF50987D}.Release|Win32.Build.0 = Release|Win32
		{7CA4BBC9-83CA-42BE-84BB-8A98368FABAB}.Release|Win32.ActiveCfg = Release|Win32
		{7CA4BBC9-83CA-42BE-84BB-8A98368FABAB}.Release|Win32.Build.0 = Release|Win32
		{71AD2674-065B-48F5-B8B0-E1F9D3892081}.Release|Win32.ActiveCfg = Release|Win32
		{71AD2674-065B-48F5-B8B0-E1F9D3892081}.Release|Win32.Build.0 = Release|Win32
		{EE47764E-A202-4F85-A767-ABDAB4AFF35F}.Release|Win32.ActiveCfg = Release|Win32
		{EE47764E-A202-4F85-A767-ABDAB4AFF35F}.Release|Win32.Build.0 = Release|Win32
		{E8091321-D79D-4575-86EF-064EA1A4A20D}.Release|Win32.ActiveCfg = Release|Win32
		{E8091321-D79D-4575-86EF-064EA1A4A20D}.Release|Win32.Build.0 = Release|Win32
		{EBFFFB4E-261D-44D3-B89C-957B31A0BF9C}.Release|Win32.ActiveCfg = Release FB2K|Win32
		{EBFFFB4E-261D-44D3-B89C-957B31A0BF9C}.Release|Win32.Build.0 = Release FB2K|Win32
		{93EC0EDE-01CD-4FB0-B8E8-4F2A027E026E}.Release|Win32.ActiveCfg = Release|Win32
		{93EC0EDE-01CD-4FB0-B8E8-4F2A027E026E}.Release|Win32.Build.0 = Release|Win32
		{7729EB82-4069-4414-964B-AD399091A03F}.Release|Win32.ActiveCfg = Release|Win32
		{7729EB82-4069-4414-964B-AD399091A03F}.Release|Win32.Build.0 = Release|Win32
	EndGlobalSection
	GlobalSection(SolutionProperties) = preSolution
		HideSolutionNode = FALSE
	EndGlobalSection
	GlobalSection(ExtensibilityGlobals) = postSolution
		SolutionGuid = {9F9AE645-DD4C-4386-AFF6-BB7B58072DF8}
	EndGlobalSection
EndGlobal
